
Microsoft Visual Studio Solution File, Format Version 12.00
# Visual Studio Version 17
VisualStudioVersion = 17.0.31912.275
MinimumVisualStudioVersion = 10.0.40219.1
Project("{FAE04EC0-301F-11D3-BF4B-00C04F79EFBC}") = "FirstSessionWorldScills", "FirstSessionWorldScills\FirstSessionWorldScills.csproj", "{167FD9F7-BD94-4482-AF86-BE8088AF9DE6}"
EndProject
Global
	GlobalSection(SolutionConfigurationPlatforms) = preSolution
		Debug|Any CPU = Debug|Any CPU
		Release|Any CPU = Release|Any CPU
	EndGlobalSection
	GlobalSection(ProjectConfigurationPlatforms) = postSolution
		{167FD9F7-BD94-4482-AF86-BE8088AF9DE6}.Debug|Any CPU.ActiveCfg = Debug|Any CPU
		{167FD9F7-BD94-4482-AF86-BE8088AF9DE6}.Debug|Any CPU.Build.0 = Debug|Any CPU
		{167FD9F7-BD94-4482-AF86-BE8088AF9DE6}.Release|Any CPU.ActiveCfg = Release|Any CPU
		{167FD9F7-BD94-4482-AF86-BE8088AF9DE6}.Release|Any CPU.Build.0 = Release|Any CPU
	EndGlobalSection
	GlobalSection(SolutionProperties) = preSolution
		HideSolutionNode = FALSE
	EndGlobalSection
	GlobalSection(ExtensibilityGlobals) = postSolution
		SolutionGuid = {781228B8-A464-4220-8373-7D3783D0DFFB}
	EndGlobalSection
EndGlobal
